github.com/thorsphere/tserr v1.20.1 h1:DrtZWqBcMDryMuG5yHbJrnvrDuBocBLDftH8i3CAS5M=
github.com/thorsphere/tserr v1.20.1/go.mod h1:779lF6yFY5MXuJFpRqdBoTYLJTrxXx8yiwEDAsRN1sI=
github.com/thorsphere/tsfio v1.8.0 h1:KduF7Tqw1mJZ4LLcmXYNvo6iwijSEN2r33hWnN1O/KY=
github.com/thorsphere/tsfio v1.8.0/go.mod h1:KM157WLnfi0ffkR6c4P5vSvovqcRgmqXRkcbwnYGzPw=
