github.com/thorsphere/tserr v1.20.3 h1:ZLc+8KEzIyLNffbGBxG46OXNVTrQgJEEjQ1t7dVFs84=
github.com/thorsphere/tserr v1.20.3/go.mod h1:779lF6yFY5MXuJFpRqdBoTYLJTrxXx8yiwEDAsRN1sI=
github.com/thorsphere/tserr v1.20.4 h1:iZSFCFmj3otrWOVeT2amjmOu5temt+zCkTDzObz3bKw=
github.com/thorsphere/tserr v1.20.4/go.mod h1:779lF6yFY5MXuJFpRqdBoTYLJTrxXx8yiwEDAsRN1sI=
github.com/thorsphere/tserr v1.21.0 h1:rm9SQEmkiVPHDXYgRla8qUBFdDcrryvu2YczIYnbuXU=
github.com/thorsphere/tserr v1.21.0/go.mod h1:yv3y4d0WwGHyBX7I3sWEovFilDU/pIksvSg5tYbuRD8=
github.com/thorsphere/tsfio v1.8.0 h1:KduF7Tqw1mJZ4LLcmXYNvo6iwijSEN2r33hWnN1O/KY=
github.com/thorsphere/tsfio v1.8.0/go.mod h1:KM157WLnfi0ffkR6c4P5vSvovqcRgmqXRkcbwnYGzPw=
github.com/thorsphere/tsfio v1.8.1 h1:ZcQS8U/M3cndY7uivCm0nz7UOFnrIK3GztNCHKSCAhA=
github.com/thorsphere/tsfio v1.8.1/go.mod h1:Ace1h2XgMA2kz4Q0OKOS7Khc++muRQjFXueqYexKdqw=
github.com/thorsphere/tsfio v1.9.0 h1:3XkQVhfQBBYQq3kbpbY5I6GR0HxSAa/1NCEcSV9p854=
github.com/thorsphere/tsfio v1.9.0/go.mod h1:BC+z8MPZI/pUaeIJJi+kE4AfKWHKCWub2nYVQCTTDbg=
